// !$*UTF8*$!
{
	archiveVersion = 1;
	classes = {
	};
	objectVersion = 55;
	objects = {

/* Begin PBXBuildFile section */
		117D6603274D0ABB00319AE7 /* Main.storyboard in Resources */ = {isa = PBXBuildFile; fileRef = 117D6601274D0ABB00319AE7 /* Main.storyboard */; };
		117D6608274D0AD900319AE7 /* Assets.xcassets in Resources */ = {isa = PBXBuildFile; fileRef = 117D6607274D0AD900319AE7 /* Assets.xcassets */; };
		117D660B274D0AD900319AE7 /* LaunchScreen.storyboard in Resources */ = {isa = PBXBuildFile; fileRef = 117D6609274D0AD900319AE7 /* LaunchScreen.storyboard */; };
		117D661B274D15B400319AE7 /* AppDelegate.swift in Sources */ = {isa = PBXBuildFile; fileRef = 117D65FB274D0ABB00319AE7 /* AppDelegate.swift */; };
		117D661C274D15B400319AE7 /* SceneDelegate.swift in Sources */ = {isa = PBXBuildFile; fileRef = 117D65FD274D0ABB00319AE7 /* SceneDelegate.swift */; };
		117D661D274D15B400319AE7 /* ViewController.swift in Sources */ = {isa = PBXBuildFile; fileRef = 117D65FF274D0ABB00319AE7 /* ViewController.swift */; };
		117D6622274D15B400319AE7 /* DempCoreData.xcdatamodeld in Sources */ = {isa = PBXBuildFile; fileRef = 117D6604274D0ABB00319AE7 /* DempCoreData.xcdatamodeld */; };
		117D6623274D15B400319AE7 /* DempTableViewCell.swift in Sources */ = {isa = PBXBuildFile; fileRef = 117D6612274D0C1E00319AE7 /* DempTableViewCell.swift */; };
/* End PBXBuildFile section */

/* Begin PBXFileReference section */
		117D65F8274D0ABB00319AE7 /* DempCoreData.app */ = {isa = PBXFileReference; explicitFileType = wrapper.application; includeInIndex = 0; path = DempCoreData.app; sourceTree = BUILT_PRODUCTS_DIR; };
		117D65FB274D0ABB00319AE7 /* AppDelegate.swift */ = {isa = PBXFileReference; lastKnownFileType = sourcecode.swift; path = AppDelegate.swift; sourceTree = "<group>"; };
		117D65FD274D0ABB00319AE7 /* SceneDelegate.swift */ = {isa = PBXFileReference; lastKnownFileType = sourcecode.swift; path = SceneDelegate.swift; sourceTree = "<group>"; };
		117D65FF274D0ABB00319AE7 /* ViewController.swift */ = {isa = PBXFileReference; lastKnownFileType = sourcecode.swift; path = ViewController.swift; sourceTree = "<group>"; };
		117D6602274D0ABB00319AE7 /* Base */ = {isa = PBXFileReference; lastKnownFileType = file.storyboard; name = Base; path = Base.lproj/Main.storyboard; sourceTree = "<group>"; };
		117D6605274D0ABB00319AE7 /* DempCoreData.xcdatamodel */ = {isa = PBXFileReference; lastKnownFileType = wrapper.xcdatamodel; path = DempCoreData.xcdatamodel; sourceTree = "<group>"; };
		117D6607274D0AD900319AE7 /* Assets.xcassets */ = {isa = PBXFileReference; lastKnownFileType = folder.assetcatalog; path = Assets.xcassets; sourceTree = "<group>"; };
		117D660A274D0AD900319AE7 /* Base */ = {isa = PBXFileReference; lastKnownFileType = file.storyboard; name = Base; path = Base.lproj/LaunchScreen.storyboard; sourceTree = "<group>"; };
		117D660C274D0AD900319AE7 /* Info.plist */ = {isa = PBXFileReference; lastKnownFileType = text.plist.xml; path = Info.plist; sourceTree = "<group>"; };
		117D6612274D0C1E00319AE7 /* DempTableViewCell.swift */ = {isa = PBXFileReference; lastKnownFileType = sourcecode.swift; path = DempTableViewCell.swift; sourceTree = "<group>"; };
		117D6619274D11CE00319AE7 /* CoreData.framework */ = {isa = PBXFileReference; lastKnownFileType = wrapper.framework; name = CoreData.framework; path = System/Library/Frameworks/CoreData.framework; sourceTree = SDKROOT; };
/* End PBXFileReference section */

/* Begin PBXFrameworksBuildPhase section */
		117D65F5274D0ABB00319AE7 /* Frameworks */ = {
			isa = PBXFrameworksBuildPhase;
			buildActionMask = 2147483647;
			files = (
			);
			runOnlyForDeploymentPostprocessing = 0;
		};
/* End PBXFrameworksBuildPhase section */

/* Begin PBXGroup section */
		117D65EF274D0ABB00319AE7 = {
			isa = PBXGroup;
			children = (
				117D65FA274D0ABB00319AE7 /* DempCoreData */,
				117D65F9274D0ABB00319AE7 /* Products */,
				117D6618274D11CE00319AE7 /* Frameworks */,
			);
			sourceTree = "<group>";
		};
		117D65F9274D0ABB00319AE7 /* Products */ = {
			isa = PBXGroup;
			children = (
				117D65F8274D0ABB00319AE7 /* DempCoreData.app */,
			);
			name = Products;
			sourceTree = "<group>";
		};
		117D65FA274D0ABB00319AE7 /* DempCoreData */ = {
			isa = PBXGroup;
			children = (
				117D65FB274D0ABB00319AE7 /* AppDelegate.swift */,
				117D65FD274D0ABB00319AE7 /* SceneDelegate.swift */,
				117D65FF274D0ABB00319AE7 /* ViewController.swift */,
				117D6601274D0ABB00319AE7 /* Main.storyboard */,
				117D6607274D0AD900319AE7 /* Assets.xcassets */,
				117D6609274D0AD900319AE7 /* LaunchScreen.storyboard */,
				117D660C274D0AD900319AE7 /* Info.plist */,
				117D6604274D0ABB00319AE7 /* DempCoreData.xcdatamodeld */,
				117D6612274D0C1E00319AE7 /* DempTableViewCell.swift */,
			);
			path = DempCoreData;
			sourceTree = "<group>";
		};
		117D6618274D11CE00319AE7 /* Frameworks */ = {
			isa = PBXGroup;
			children = (
				117D6619274D11CE00319AE7 /* CoreData.framework */,
			);
			name = Frameworks;
			sourceTree = "<group>";
		};
/* End PBXGroup section */

/* Begin PBXNativeTarget section */
		117D65F7274D0ABB00319AE7 /* DempCoreData */ = {
			isa = PBXNativeTarget;
			buildConfigurationList = 117D660F274D0AD900319AE7 /* Build configuration list for PBXNativeTarget "DempCoreData" */;
			buildPhases = (
				117D65F4274D0ABB00319AE7 /* Sources */,
				117D65F5274D0ABB00319AE7 /* Frameworks */,
				117D65F6274D0ABB00319AE7 /* Resources */,
			);
			buildRules = (
			);
			dependencies = (
			);
			name = DempCoreData;
			productName = DempCoreData;
			productReference = 117D65F8274D0ABB00319AE7 /* DempCoreData.app */;
			productType = "com.apple.product-type.application";
		};
/* End PBXNativeTarget section */

/* Begin PBXProject section */
		117D65F0274D0ABB00319AE7 /* Project object */ = {
			isa = PBXProject;
			attributes = {
				BuildIndependentTargetsInParallel = 1;
				LastSwiftUpdateCheck = 1300;
				LastUpgradeCheck = 1300;
				TargetAttributes = {
					117D65F7274D0ABB00319AE7 = {
						CreatedOnToolsVersion = 13.0;
					};
				};
			};
			buildConfigurationList = 117D65F3274D0ABB00319AE7 /* Build configuration list for PBXProject "DempCoreData" */;
			compatibilityVersion = "Xcode 13.0";
			developmentRegion = en;
			hasScannedForEncodings = 0;
			knownRegions = (
				en,
				Base,
			);
			mainGroup = 117D65EF274D0ABB00319AE7;
			productRefGroup = 117D65F9274D0ABB00319AE7 /* Products */;
			projectDirPath = "";
			projectRoot = "";
			targets = (
				117D65F7274D0ABB00319AE7 /* DempCoreData */,
			);
		};
/* End PBXProject section */

/* Begin PBXResourcesBuildPhase section */
		117D65F6274D0ABB00319AE7 /* Resources */ = {
			isa = PBXResourcesBuildPhase;
			buildActionMask = 2147483647;
			files = (
				117D660B274D0AD900319AE7 /* LaunchScreen.storyboard in Resources */,
				117D6608274D0AD900319AE7 /* Assets.xcassets in Resources */,
				117D6603274D0ABB00319AE7 /* Main.storyboard in Resources */,
			);
			runOnlyForDeploymentPostprocessing = 0;
		};
/* End PBXResourcesBuildPhase section */

/* Begin PBXSourcesBuildPhase section */
		117D65F4274D0ABB00319AE7 /* Sources */ = {
			isa = PBXSourcesBuildPhase;
			buildActionMask = 2147483647;
			files = (
				117D661B274D15B400319AE7 /* AppDelegate.swift in Sources */,
				117D661C274D15B400319AE7 /* SceneDelegate.swift in Sources */,
				117D661D274D15B400319AE7 /* ViewController.swift in Sources */,
				117D6622274D15B400319AE7 /* DempCoreData.xcdatamodeld in Sources */,
				117D6623274D15B400319AE7 /* DempTableViewCell.swift in Sources */,
			);
			runOnlyForDeploymentPostprocessing = 0;
		};
/* End PBXSourcesBuildPhase section */

/* Begin PBXVariantGroup section */
		117D6601274D0ABB00319AE7 /* Main.storyboard */ = {
			isa = PBXVariantGroup;
			children = (
				117D6602274D0ABB00319AE7 /* Base */,
			);
			name = Main.storyboard;
			sourceTree = "<group>";
		};
		117D6609274D0AD900319AE7 /* LaunchScreen.storyboard */ = {
			isa = PBXVariantGroup;
			children = (
				117D660A274D0AD900319AE7 /* Base */,
			);
			name = LaunchScreen.storyboard;
			sourceTree = "<group>";
		};
/* End PBXVariantGroup section */

/* Begin XCBuildConfiguration section */
		117D660D274D0AD900319AE7 /* Debug */ = {
			isa = XCBuildConfiguration;
			buildSettings = {
				ALWAYS_SEARCH_USER_PATHS = NO;
				CLANG_ANALYZER_NONNULL = YES;
				CLANG_ANALYZER_NUMBER_OBJECT_CONVERSION = YES_AGGRESSIVE;
				CLANG_CXX_LANGUAGE_STANDARD = "gnu++17";
				CLANG_CXX_LIBRARY = "libc++";
				CLANG_ENABLE_MODULES = YES;
				CLANG_ENABLE_OBJC_ARC = YES;
				CLANG_ENABLE_OBJC_WEAK = YES;
				CLANG_WARN_BLOCK_CAPTURE_AUTORELEASING = YES;
				CLANG_WARN_BOOL_CONVERSION = YES;
				CLANG_WARN_COMMA = YES;
				CLANG_WARN_CONSTANT_CONVERSION = YES;
				CLANG_WARN_DEPRECATED_OBJC_IMPLEMENTATIONS = YES;
				CLANG_WARN_DIRECT_OBJC_ISA_USAGE = YES_ERROR;
				CLANG_WARN_DOCUMENTATION_COMMENTS = YES;
				CLANG_WARN_EMPTY_BODY = YES;
				CLANG_WARN_ENUM_CONVERSION = YES;
				CLANG_WARN_INFINITE_RECURSION = YES;
				CLANG_WARN_INT_CONVERSION = YES;
				CLANG_WARN_NON_LITERAL_NULL_CONVERSION = YES;
				CLANG_WARN_OBJC_IMPLICIT_RETAIN_SELF = YES;
				CLANG_WARN_OBJC_LITERAL_CONVERSION = YES;
				CLANG_WARN_OBJC_ROOT_CLASS = YES_ERROR;
				CLANG_WARN_QUOTED_INCLUDE_IN_FRAMEWORK_HEADER = YES;
				CLANG_WARN_RANGE_LOOP_ANALYSIS = YES;
				CLANG_WARN_STRICT_PROTOTYPES = YES;
				CLANG_WARN_SUSPICIOUS_MOVE = YES;
				CLANG_WARN_UNGUARDED_AVAILABILITY = YES_AGGRESSIVE;
				CLANG_WARN_UNREACHABLE_CODE = YES;
				CLANG_WARN__DUPLICATE_METHOD_MATCH = YES;
				COPY_PHASE_STRIP = NO;
				DEBUG_INFORMATION_FORMAT = dwarf;
				ENABLE_STRICT_OBJC_MSGSEND = YES;
				ENABLE_TESTABILITY = YES;
				GCC_C_LANGUAGE_STANDARD = gnu11;
				GCC_DYNAMIC_NO_PIC = NO;
				GCC_NO_COMMON_BLOCKS = YES;
				GCC_OPTIMIZATION_LEVEL = 0;
				GCC_PREPROCESSOR_DEFINITIONS = (
					"DEBUG=1",
					"$(inherited)",
				);
				GCC_WARN_64_TO_32_BIT_CONVERSION = YES;
				GCC_WARN_ABOUT_RETURN_TYPE = YES_ERROR;
				GCC_WARN_UNDECLARED_SELECTOR = YES;
				GCC_WARN_UNINITIALIZED_AUTOS = YES_AGGRESSIVE;
				GCC_WARN_UNUSED_FUNCTION = YES;
				GCC_WARN_UNUSED_VARIABLE = YES;
				IPHONEOS_DEPLOYMENT_TARGET = 15.0;
				MTL_ENABLE_DEBUG_INFO = INCLUDE_SOURCE;
				MTL_FAST_MATH = YES;
				ONLY_ACTIVE_ARCH = YES;
				SDKROOT = iphoneos;
				SWIFT_ACTIVE_COMPILATION_CONDITIONS = DEBUG;
				SWIFT_OPTIMIZATION_LEVEL = "-Onone";
			};
			name = Debug;
		};
		117D660E274D0AD900319AE7 /* Release */ = {
			isa = XCBuildConfiguration;
			buildSettings = {
				ALWAYS_SEARCH_USER_PATHS = NO;
				CLANG_ANALYZER_NONNULL = YES;
				CLANG_ANALYZER_NUMBER_OBJECT_CONVERSION = YES_AGGRESSIVE;
				CLANG_CXX_LANGUAGE_STANDARD = "gnu++17";
				CLANG_CXX_LIBRARY = "libc++";
				CLANG_ENABLE_MODULES = YES;
				CLANG_ENABLE_OBJC_ARC = YES;
				CLANG_ENABLE_OBJC_WEAK = YES;
				CLANG_WARN_BLOCK_CAPTURE_AUTORELEASING = YES;
				CLANG_WARN_BOOL_CONVERSION = YES;
				CLANG_WARN_COMMA = YES;
				CLANG_WARN_CONSTANT_CONVERSION = YES;
				CLANG_WARN_DEPRECATED_OBJC_IMPLEMENTATIONS = YES;
				CLANG_WARN_DIRECT_OBJC_ISA_USAGE = YES_ERROR;
				CLANG_WARN_DOCUMENTATION_COMMENTS = YES;
				CLANG_WARN_EMPTY_BODY = YES;
				CLANG_WARN_ENUM_CONVERSION = YES;
				CLANG_WARN_INFINITE_RECURSION = YES;
				CLANG_WARN_INT_CONVERSION = YES;
				CLANG_WARN_NON_LITERAL_NULL_CONVERSION = YES;
				CLANG_WARN_OBJC_IMPLICIT_RETAIN_SELF = YES;
				CLANG_WARN_OBJC_LITERAL_CONVERSION = YES;
				CLANG_WARN_OBJC_ROOT_CLASS = YES_ERROR;
				CLANG_WARN_QUOTED_INCLUDE_IN_FRAMEWORK_HEADER = YES;
				CLANG_WARN_RANGE_LOOP_ANALYSIS = YES;
				CLANG_WARN_STRICT_PROTOTYPES = YES;
				CLANG_WARN_SUSPICIOUS_MOVE = YES;
				CLANG_WARN_UNGUARDED_AVAILABILITY = YES_AGGRESSIVE;
				CLANG_WARN_UNREACHABLE_CODE = YES;
				CLANG_WARN__DUPLICATE_METHOD_MATCH = YES;
				COPY_PHASE_STRIP = NO;
				DEBUG_INFORMATION_FORMAT = "dwarf-with-dsym";
				ENABLE_NS_ASSERTIONS = NO;
				ENABLE_STRICT_OBJC_MSGSEND = YES;
				GCC_C_LANGUAGE_STANDARD = gnu11;
				GCC_NO_COMMON_BLOCKS = YES;
				GCC_WARN_64_TO_32_BIT_CONVERSION = YES;
				GCC_WARN_ABOUT_RETURN_TYPE = YES_ERROR;
				GCC_WARN_UNDECLARED_SELECTOR = YES;
				GCC_WARN_UNINITIALIZED_AUTOS = YES_AGGRESSIVE;
				GCC_WARN_UNUSED_FUNCTION = YES;
				GCC_WARN_UNUSED_VARIABLE = YES;
				IPHONEOS_DEPLOYMENT_TARGET = 15.0;
				MTL_ENABLE_DEBUG_INFO = NO;
				MTL_FAST_MATH = YES;
				SDKROOT = iphoneos;
				SWIFT_COMPILATION_MODE = wholemodule;
				SWIFT_OPTIMIZATION_LEVEL = "-O";
				VALIDATE_PRODUCT = YES;
			};
			name = Release;
		};
		117D6610274D0AD900319AE7 /* Debug */ = {
			isa = XCBuildConfiguration;
			buildSettings = {
				ASSETCATALOG_COMPILER_APPICON_NAME = AppIcon;
				ASSETCATALOG_COMPILER_GLOBAL_ACCENT_COLOR_NAME = AccentColor;
				CODE_SIGN_STYLE = Automatic;
				CURRENT_PROJECT_VERSION = 1;
				GENERATE_INFOPLIST_FILE = YES;
				INFOPLIST_FILE = DempCoreData/Info.plist;
				INFOPLIST_KEY_UIApplicationSupportsIndirectInputEvents = YES;
				INFOPLIST_KEY_UILaunchStoryboardName = LaunchScreen;
				INFOPLIST_KEY_UIMainStoryboardFile = Main;
				INFOPLIST_KEY_UISupportedInterfaceOrientations_iPad = "UIInterfaceOrientationPortrait UIInterfaceOrientationPortraitUpsideDown UIInterfaceOrientationLandscapeLeft UIInterfaceOrientationLandscapeRight";
				INFOPLIST_KEY_UISupportedInterfaceOrientations_iPhone = "UIInterfaceOrientationPortrait UIInterfaceOrientationLandscapeLeft UIInterfaceOrientationLandscapeRight";
				LD_RUNPATH_SEARCH_PATHS = (
					"$(inherited)",
					"@executable_path/Frameworks",
				);
				MARKETING_VERSION = 1.0;
				PRODUCT_BUNDLE_IDENTIFIER = com.shreeshahrao.DempCoreData;
				PRODUCT_NAME = "$(TARGET_NAME)";
				SWIFT_EMIT_LOC_STRINGS = YES;
				SWIFT_VERSION = 5.0;
				TARGETED_DEVICE_FAMILY = "1,2";
			};
			name = Debug;
		};
		117D6611274D0AD900319AE7 /* Release */ = {
			isa = XCBuildConfiguration;
			buildSettings = {
				ASSETCATALOG_COMPILER_APPICON_NAME = AppIcon;
				ASSETCATALOG_COMPILER_GLOBAL_ACCENT_COLOR_NAME = AccentColor;
				CODE_SIGN_STYLE = Automatic;
				CURRENT_PROJECT_VERSION = 1;
				GENERATE_INFOPLIST_FILE = YES;
				INFOPLIST_FILE = DempCoreData/Info.plist;
				INFOPLIST_KEY_UIApplicationSupportsIndirectInputEvents = YES;
				INFOPLIST_KEY_UILaunchStoryboardName = LaunchScreen;
				INFOPLIST_KEY_UIMainStoryboardFile = Main;
				INFOPLIST_KEY_UISupportedInterfaceOrientations_iPad = "UIInterfaceOrientationPortrait UIInterfaceOrientationPortraitUpsideDown UIInterfaceOrientationLandscapeLeft UIInterfaceOrientationLandscapeRight";
				INFOPLIST_KEY_UISupportedInterfaceOrientations_iPhone = "UIInterfaceOrientationPortrait UIInterfaceOrientationLandscapeLeft UIInterfaceOrientationLandscapeRight";
				LD_RUNPATH_SEARCH_PATHS = (
					"$(inherited)",
					"@executable_path/Frameworks",
				);
				MARKETING_VERSION = 1.0;
				PRODUCT_BUNDLE_IDENTIFIER = com.shreeshahrao.DempCoreData;
				PRODUCT_NAME = "$(TARGET_NAME)";
				SWIFT_EMIT_LOC_STRINGS = YES;
				SWIFT_VERSION = 5.0;
				TARGETED_DEVICE_FAMILY = "1,2";
			};
			name = Release;
		};
/* End XCBuildConfiguration section */

/* Begin XCConfigurationList section */
		117D65F3274D0ABB00319AE7 /* Build configuration list for PBXProject "DempCoreData" */ = {
			isa = XCConfigurationList;
			buildConfigurations = (
				117D660D274D0AD900319AE7 /* Debug */,
				117D660E274D0AD900319AE7 /* Release */,
			);
			defaultConfigurationIsVisible = 0;
			defaultConfigurationName = Release;
		};
		117D660F274D0AD900319AE7 /* Build configuration list for PBXNativeTarget "DempCoreData" */ = {
			isa = XCConfigurationList;
			buildConfigurations = (
				117D6610274D0AD900319AE7 /* Debug */,
				117D6611274D0AD900319AE7 /* Release */,
			);
			defaultConfigurationIsVisible = 0;
			defaultConfigurationName = Release;
		};
/* End XCConfigurationList section */

/* Begin XCVersionGroup section */
		117D6604274D0ABB00319AE7 /* DempCoreData.xcdatamodeld */ = {
			isa = XCVersionGroup;
			children = (
				117D6605274D0ABB00319AE7 /* DempCoreData.xcdatamodel */,
			);
			currentVersion = 117D6605274D0ABB00319AE7 /* DempCoreData.xcdatamodel */;
			path = DempCoreData.xcdatamodeld;
			sourceTree = "<group>";
			versionGroupType = wrapper.xcdatamodel;
		};
/* End XCVersionGroup section */
	};
	rootObject = 117D65F0274D0ABB00319AE7 /* Project object */;
}
